
Microsoft Visual Studio Solution File, Format Version 12.00
# Visual Studio Version 16
VisualStudioVersion = 16.0.29709.97
MinimumVisualStudioVersion = 10.0.40219.1
Project("{FAE04EC0-301F-11D3-BF4B-00C04F79EFBC}") = "SQLApi", "SQLApi\SQLApi.csproj", "{17F5D476-B18D-4D42-BD1E-894DEA050691}"
EndProject
Global
	GlobalSection(SolutionConfigurationPlatforms) = preSolution
		Debug|Any CPU = Debug|Any CPU
		Release|Any CPU = Release|Any CPU
	EndGlobalSection
	GlobalSection(ProjectConfigurationPlatforms) = postSolution
		{17F5D476-B18D-4D42-BD1E-894DEA050691}.Debug|Any CPU.ActiveCfg = Debug|Any CPU
		{17F5D476-B18D-4D42-BD1E-894DEA050691}.Debug|Any CPU.Build.0 = Debug|Any CPU
		{17F5D476-B18D-4D42-BD1E-894DEA050691}.Release|Any CPU.ActiveCfg = Release|Any CPU
		{17F5D476-B18D-4D42-BD1E-894DEA050691}.Release|Any CPU.Build.0 = Release|Any CPU
	EndGlobalSection
	GlobalSection(SolutionProperties) = preSolution
		HideSolutionNode = FALSE
	EndGlobalSection
	GlobalSection(ExtensibilityGlobals) = postSolution
		SolutionGuid = {E2BB6AF6-D302-44E4-9C9D-F0FA8291CF02}
	EndGlobalSection
EndGlobal
